Microsoft Visual Studio Solution File, Format Version 12.00
# Visual Studio 2013
VisualStudioVersion = 12.0.31101.0
MinimumVisualStudioVersion = 10.0.40219.1
Project("{00D1A9C2-B5F0-4AF3-8072-F6C62B433612}") = "ContosoUniversity.Database", "ContosoUniversity.Database\ContosoUniversity.Database.sqlproj", "{37CF5093-7D27-4982-BD24-C7C7960BFBD9}"
EndProject
Project("{FAE04EC0-301F-11D3-BF4B-00C04F79EFBC}") = "ContosoUniversity.Web", "ContosoUniversity.Web\ContosoUniversity.Web.csproj", "{264E21D6-4024-4A53-B1BE-1CD42F3348FE}"
EndProject
Project("{FAE04EC0-301F-11D3-BF4B-00C04F79EFBC}") = "ContosoUniversity.Web.UnitTests", "ContosoUniversity.Web.UnitTests\ContosoUniversity.Web.UnitTests.csproj", "{194EDC48-F9A7-47F3-91A5-FB4D8182570A}"
EndProject
Project("{FAE04EC0-301F-11D3-BF4B-00C04F79EFBC}") = "ContosoUniversity.Web.SeFramework", "ContosoUniversity.Web.SeFramework\ContosoUniversity.Web.SeFramework.csproj", "{5516D80A-F287-43BC-BB32-AA032AB12F5C}"
EndProject
Project("{FAE04EC0-301F-11D3-BF4B-00C04F79EFBC}") = "ContosoUniversity.Web.AutoTests", "ContosoUniversity.Web.AutoTests\ContosoUniversity.Web.AutoTests.csproj", "{941E08BC-B5F7-4335-A39F-FD09ED363450}"
EndProject
Global
	GlobalSection(SolutionConfigurationPlatforms) = preSolution
		Debug|Any CPU = Debug|Any CPU
		Release|Any CPU = Release|Any CPU
	EndGlobalSection
	GlobalSection(ProjectConfigurationPlatforms) = postSolution
		{37CF5093-7D27-4982-BD24-C7C7960BFBD9}.Debug|Any CPU.ActiveCfg = Debug|Any CPU
		{37CF5093-7D27-4982-BD24-C7C7960BFBD9}.Debug|Any CPU.Build.0 = Debug|Any CPU
		{37CF5093-7D27-4982-BD24-C7C7960BFBD9}.Debug|Any CPU.Deploy.0 = Debug|Any CPU
		{37CF5093-7D27-4982-BD24-C7C7960BFBD9}.Release|Any CPU.ActiveCfg = Release|Any CPU
		{37CF5093-7D27-4982-BD24-C7C7960BFBD9}.Release|Any CPU.Build.0 = Release|Any CPU
		{37CF5093-7D27-4982-BD24-C7C7960BFBD9}.Release|Any CPU.Deploy.0 = Release|Any CPU
		{264E21D6-4024-4A53-B1BE-1CD42F3348FE}.Debug|Any CPU.ActiveCfg = Debug|Any CPU
		{264E21D6-4024-4A53-B1BE-1CD42F3348FE}.Debug|Any CPU.Build.0 = Debug|Any CPU
		{264E21D6-4024-4A53-B1BE-1CD42F3348FE}.Release|Any CPU.ActiveCfg = Release|Any CPU
		{264E21D6-4024-4A53-B1BE-1CD42F3348FE}.Release|Any CPU.Build.0 = Release|Any CPU
		{194EDC48-F9A7-47F3-91A5-FB4D8182570A}.Debug|Any CPU.ActiveCfg = Debug|Any CPU
		{194EDC48-F9A7-47F3-91A5-FB4D8182570A}.Debug|Any CPU.Build.0 = Debug|Any CPU
		{194EDC48-F9A7-47F3-91A5-FB4D8182570A}.Release|Any CPU.ActiveCfg = Release|Any CPU
		{194EDC48-F9A7-47F3-91A5-FB4D8182570A}.Release|Any CPU.Build.0 = Release|Any CPU
		{5516D80A-F287-43BC-BB32-AA032AB12F5C}.Debug|Any CPU.ActiveCfg = Debug|Any CPU
		{5516D80A-F287-43BC-BB32-AA032AB12F5C}.Debug|Any CPU.Build.0 = Debug|Any CPU
		{5516D80A-F287-43BC-BB32-AA032AB12F5C}.Release|Any CPU.ActiveCfg = Release|Any CPU
		{5516D80A-F287-43BC-BB32-AA032AB12F5C}.Release|Any CPU.Build.0 = Release|Any CPU
		{941E08BC-B5F7-4335-A39F-FD09ED363450}.Debug|Any CPU.ActiveCfg = Debug|Any CPU
		{941E08BC-B5F7-4335-A39F-FD09ED363450}.Debug|Any CPU.Build.0 = Debug|Any CPU
		{941E08BC-B5F7-4335-A39F-FD09ED363450}.Release|Any CPU.ActiveCfg = Release|Any CPU
		{941E08BC-B5F7-4335-A39F-FD09ED363450}.Release|Any CPU.Build.0 = Release|Any CPU
	EndGlobalSection
	GlobalSection(SolutionProperties) = preSolution
		HideSolutionNode = FALSE
	EndGlobalSection
EndGlobal
